{
  "version": "2",
  "remote": {
    "https://deno.land/std@0.192.0/_util/asserts.ts": "178dfc49a464aee693a7e285567b3d0b555dc805ff490505a8aae34f9cfb1462",
    "https://deno.land/std@0.192.0/_util/os.ts": "d932f56d41e4f6a6093d56044e29ce637f8dcc43c5a90af43504a889cf1775e3",
    "https://deno.land/std@0.192.0/fs/_util.ts": "fbf57dcdc9f7bc8128d60301eece608246971a7836a3bb1e78da75314f08b978",
    "https://deno.land/std@0.192.0/fs/copy.ts": "14214efd94fc3aa6db1e4af2b4b9578e50f7362b7f3725d5a14ad259a5df26c8",
    "https://deno.land/std@0.192.0/fs/empty_dir.ts": "c3d2da4c7352fab1cf144a1ecfef58090769e8af633678e0f3fabaef98594688",
    "https://deno.land/std@0.192.0/fs/ensure_dir.ts": "dc64c4c75c64721d4e3fb681f1382f803ff3d2868f08563ff923fdd20d071c40",
    "https://deno.land/std@0.192.0/fs/ensure_file.ts": "c38602670bfaf259d86ca824a94e6cb9e5eb73757fefa4ebf43a90dd017d53d9",
    "https://deno.land/std@0.192.0/fs/ensure_link.ts": "c0f5b2f0ec094ed52b9128eccb1ee23362a617457aa0f699b145d4883f5b2fb4",
    "https://deno.land/std@0.192.0/fs/ensure_symlink.ts": "5006ab2f458159c56d689b53b1e48d57e05eeb1eaf64e677f7f76a30bc4fdba1",
    "https://deno.land/std@0.192.0/fs/eol.ts": "f1f2eb348a750c34500741987b21d65607f352cf7205f48f4319d417fff42842",
    "https://deno.land/std@0.192.0/fs/exists.ts": "29c26bca8584a22876be7cb8844f1b6c8fc35e9af514576b78f5c6884d7ed02d",
    "https://deno.land/std@0.192.0/fs/expand_glob.ts": "e4f56259a0a70fe23f05215b00de3ac5e6ba46646ab2a06ebbe9b010f81c972a",
    "https://deno.land/std@0.192.0/fs/mod.ts": "bc3d0acd488cc7b42627044caf47d72019846d459279544e1934418955ba4898",
    "https://deno.land/std@0.192.0/fs/move.ts": "b4f8f46730b40c32ea3c0bc8eb0fd0e8139249a698883c7b3756424cf19785c9",
    "https://deno.land/std@0.192.0/fs/walk.ts": "920be35a7376db6c0b5b1caf1486fb962925e38c9825f90367f8f26b5e5d0897",
    "https://deno.land/std@0.192.0/path/_constants.ts": "e49961f6f4f48039c0dfed3c3f93e963ca3d92791c9d478ac5b43183413136e0",
    "https://deno.land/std@0.192.0/path/_interface.ts": "6471159dfbbc357e03882c2266d21ef9afdb1e4aa771b0545e90db58a0ba314b",
    "https://deno.land/std@0.192.0/path/_util.ts": "d7abb1e0dea065f427b89156e28cdeb32b045870acdf865833ba808a73b576d0",
    "https://deno.land/std@0.192.0/path/common.ts": "ee7505ab01fd22de3963b64e46cff31f40de34f9f8de1fff6a1bd2fe79380000",
    "https://deno.land/std@0.192.0/path/glob.ts": "d479e0a695621c94d3fd7fe7abd4f9499caf32a8de13f25073451c6ef420a4e1",
    "https://deno.land/std@0.192.0/path/mod.ts": "f065032a7189404fdac3ad1a1551a9ac84751d2f25c431e101787846c86c79ef",
    "https://deno.land/std@0.192.0/path/posix.ts": "8b7c67ac338714b30c816079303d0285dd24af6b284f7ad63da5b27372a2c94d",
    "https://deno.land/std@0.192.0/path/separator.ts": "0fb679739d0d1d7bf45b68dacfb4ec7563597a902edbaf3c59b50d5bcadd93b1",
    "https://deno.land/std@0.192.0/path/win32.ts": "d186344e5583bcbf8b18af416d13d82b35a317116e6460a5a3953508c3de5bba",
    "https://deno.land/std@0.192.0/semver/_shared.ts": "7101b4118e96b8c7b600d54a8455d93afd96eaf43a69a3bff34513890ac264ae",
    "https://deno.land/std@0.192.0/semver/cmp.ts": "4faca58ad459a8c7663ac84ed8410fb5cf932042969f5c25d285f319456d55c1",
    "https://deno.land/std@0.192.0/semver/comparator_format.ts": "329e05d914c064590ded4801fc601bf1c5d0f461c5524b1578e10f180551ef6f",
    "https://deno.land/std@0.192.0/semver/comparator_intersects.ts": "61920121a6c1600306dbcf8944c4cc55e45c3a1bdbefe41b79a0884bf02d9e1b",
    "https://deno.land/std@0.192.0/semver/comparator_max.ts": "f4cc5f528abd8aab68c66bbead732e3c59102b13a318cd8e4f8a47aa3debec76",
    "https://deno.land/std@0.192.0/semver/comparator_min.ts": "eea382428ebf0c50168f780898df8519c88da5a10d1f8babbfebdc89fb75942e",
    "https://deno.land/std@0.192.0/semver/compare.ts": "503bb7b0ca67b722a0a8a5570486c20eb27ed9bc2316f25699fbd6317a3233ac",
    "https://deno.land/std@0.192.0/semver/compare_build.ts": "dc315387ffba691206be83bb4195dff23af6df9983cf8dfb91c29e3f62b9bdca",
    "https://deno.land/std@0.192.0/semver/constants.ts": "bb0c7652c433c7ec1dad5bf18c7e7e1557efe9ddfd5e70aa6305153e76dc318c",
    "https://deno.land/std@0.192.0/semver/difference.ts": "b86b72f75308c0ab78a41bc676bdca0d933d75e0be8b06dafdc393689e70497f",
    "https://deno.land/std@0.192.0/semver/eq.ts": "b8fc7184507423a2448f4b052fc4d9090bf316807b3c9c930afc3775d7a3f3a5",
    "https://deno.land/std@0.192.0/semver/format.ts": "236cc8b5d2e8031258dcff3ca89e14ba926434d5b789730e2c781db172e76bd9",
    "https://deno.land/std@0.192.0/semver/gt.ts": "2f20b21456179b3ac034656a09b5c259bf52dc2626a941ca038be5d201c415be",
    "https://deno.land/std@0.192.0/semver/gte.ts": "d1ed0195a2b38ef0df586374eac4ad860d3b7e181ec1683e734912ce795aaddb",
    "https://deno.land/std@0.192.0/semver/gtr.ts": "b0442acf1d52ceb337ec4f82afaa0da3b5251a9a08f4f0b8839ca4629d617078",
    "https://deno.land/std@0.192.0/semver/increment.ts": "e41ffc906ea1d57e66987aa1b18ba1d0223d6fb0cd806448d012e4f8117e8513",
    "https://deno.land/std@0.192.0/semver/is_semver.ts": "b21011d2afea366576bd283705df7515e8c85f5d03015aca83bc5a721f0cf344",
    "https://deno.land/std@0.192.0/semver/is_semver_comparator.ts": "120ad68896e3481dbcda81ddd914c10d3fc891fe62cc99028cb69ebfa6c1427c",
    "https://deno.land/std@0.192.0/semver/is_semver_range.ts": "0ea096e1edcb8e95200d3bee549c97b53e93ac60d4c2b3601ad7a01f27a0f4da",
    "https://deno.land/std@0.192.0/semver/lt.ts": "c8711ffa1c40a3f98921b9bf0d80b59970d8cbc0a12696ebccacf6bccfa9dcc8",
    "https://deno.land/std@0.192.0/semver/lte.ts": "721e5f9d353ecea757c1d5d42f4f6699d46cd24cdbd45b2bf88efdf82c0eaac4",
    "https://deno.land/std@0.192.0/semver/ltr.ts": "2a10f426605408adcb6cb62e65e871eb6b235d74cbcc2160e58207751e7ca11d",
    "https://deno.land/std@0.192.0/semver/max_satisfying.ts": "a8c550100582a9ad2f68026edef8a5ed09debbda0a65d28dceea302508aee41a",
    "https://deno.land/std@0.192.0/semver/min_satisfying.ts": "04331cc956f55bc6d14f911ff2561dbab81e1218bfe6a080fe520b999e33e693",
    "https://deno.land/std@0.192.0/semver/mod.ts": "79eaeb8015f3f34a34b1e2a98f524dbd5a9a5d7fa1d977cdfc5d6157965e8920",
    "https://deno.land/std@0.192.0/semver/neq.ts": "c4116ac01149c4c090bdb5da2bbf946d1f9d74634c97486f3d7e55e75bb35bb0",
    "https://deno.land/std@0.192.0/semver/outside.ts": "3ca074513c6f5ac4b3e9c0eda2deb3a83cdfcecc589f1ec69786d41f47885a89",
    "https://deno.land/std@0.192.0/semver/parse.ts": "190dab1b5231da1fa6ec40567f58550209e7304dcb655fd8ae46eb7c2966a82b",
    "https://deno.land/std@0.192.0/semver/parse_comparator.ts": "f07f9be8322b1f61a36b94c3c65a0dc4124958ee54cf744c92ca4028bf156d5e",
    "https://deno.land/std@0.192.0/semver/parse_range.ts": "39a18608a8026004b218ef383e7ae624a9e663b82327948c1810f16d875113c2",
    "https://deno.land/std@0.192.0/semver/range_format.ts": "3de31fd0b74dd565e052840e73a8e9ee1d9d289ca60b85749167710b978cc078",
    "https://deno.land/std@0.192.0/semver/range_intersects.ts": "e646300d9a10868ae51dc70399c1eee31a503f24610506146eadbeac6bcc6777",
    "https://deno.land/std@0.192.0/semver/range_max.ts": "9c10c65bbc7796347ce6f765a77865cead88870d17481ac78259400a2378af2e",
    "https://deno.land/std@0.192.0/semver/range_min.ts": "b7849e70e0b0677b382eddaa822b6690521449a659c5b8ec84cbd438f6e6ca59",
    "https://deno.land/std@0.192.0/semver/rcompare.ts": "fe4e95bf671bd119df89bc4dd9ceb3fdcc95bad543a78fa3b8ae67ce6b54bc03",
    "https://deno.land/std@0.192.0/semver/rsort.ts": "d4bfa2b9fffa6e1afddeead68c7cb470ed932b3846acf45eccde2b46be021644",
    "https://deno.land/std@0.192.0/semver/sort.ts": "301d18f7f96f9e46bb6d0327d3d97579fa2d49558c185a0a5035b8e6fbd4a73b",
    "https://deno.land/std@0.192.0/semver/test_comparator.ts": "eff5394cb82d133ed18f96fe547de7e7264bf0d25d16cbc6126664aa06ef8f37",
    "https://deno.land/std@0.192.0/semver/test_range.ts": "b236c276268e92bbbc65e7c4b4b6b685ea6b4534a71b2525b53093d094f631c6",
    "https://deno.land/std@0.192.0/semver/try_parse.ts": "fc7eeafc18686563b0cc35b518eda57690e513e634527a0ff48c600ba7798ce4",
    "https://deno.land/std@0.192.0/semver/try_parse_range.ts": "49be2271c4c07374fc2d986d5212fab7bb1f49daa485141e9bedd78d851ca5ca",
    "https://deno.land/std@0.192.0/semver/types.ts": "d44f442c2f27dd89bd6695b369e310b80549746f03c38f241fe28a83b33dd429",
    "https://deno.land/x/deno_dom@v0.1.42/build/deno-wasm/deno-wasm.js": "d6841a06342eb6a2798ef28de79ad69c0f2fa349fa04d3ca45e5fcfbf50a9340",
    "https://deno.land/x/deno_dom@v0.1.42/deno-dom-wasm.ts": "a33d160421bbb6e3104285ea5ebf33352b7ad50d82ea8765e3cf65f972b25119",
    "https://deno.land/x/deno_dom@v0.1.42/src/api.ts": "0ff5790f0a3eeecb4e00b7d8fbfa319b165962cf6d0182a65ba90f158d74f7d7",
    "https://deno.land/x/deno_dom@v0.1.42/src/constructor-lock.ts": "59714df7e0571ec7bd338903b1f396202771a6d4d7f55a452936bd0de9deb186",
    "https://deno.land/x/deno_dom@v0.1.42/src/deserialize.ts": "1cf4096678d8afed8ed28dbad690504c4d2c28149ba768b26eacd1416873425b",
    "https://deno.land/x/deno_dom@v0.1.42/src/dom/document-fragment.ts": "1c7352a3c816587ed7fad574b42636198f680f17abc3836fcfe7799b31e7718f",
    "https://deno.land/x/deno_dom@v0.1.42/src/dom/document.ts": "b8f4e4ccabaaa063d6562a0f2f8dea9c0419515d63d8bd79bfde95f7cd64bd93",
    "https://deno.land/x/deno_dom@v0.1.42/src/dom/dom-parser.ts": "609097b426f8c2358f3e5d2bca55ed026cf26cdf86562e94130dfdb0f2537f92",
    "https://deno.land/x/deno_dom@v0.1.42/src/dom/element.ts": "7c0037772d2750211c961255620820970a29edb4fc89b3811e2dfdf71b166419",
    "https://deno.land/x/deno_dom@v0.1.42/src/dom/elements/html-template-element.ts": "740b97a5378c9a14cccf3429299846eda240b613013e2d2d7f20b393897453c2",
    "https://deno.land/x/deno_dom@v0.1.42/src/dom/html-collection.ts": "ae90197f5270c32074926ad6cf30ee07d274d44596c7e413c354880cebce8565",
    "https://deno.land/x/deno_dom@v0.1.42/src/dom/node-list.ts": "4c6e4b4585301d4147addaccd90cb5f5a80e8d6290a1ba7058c5e3dfea16e15d",
    "https://deno.land/x/deno_dom@v0.1.42/src/dom/node.ts": "3069e6fc93ac4111a136ed68199d76673339842b9751610ba06f111ba7dc10a7",
    "https://deno.land/x/deno_dom@v0.1.42/src/dom/selectors/custom-api.ts": "852696bd58e534bc41bd3be9e2250b60b67cd95fd28ed16b1deff1d548531a71",
    "https://deno.land/x/deno_dom@v0.1.42/src/dom/selectors/nwsapi-types.ts": "c43b36c36acc5d32caabaa54fda8c9d239b2b0fcbce9a28efb93c84aa1021698",
    "https://deno.land/x/deno_dom@v0.1.42/src/dom/selectors/nwsapi.js": "985d7d8fc1eabbb88946b47a1c44c1b2d4aa79ff23c21424219f1528fa27a2ff",
    "https://deno.land/x/deno_dom@v0.1.42/src/dom/selectors/selectors.ts": "83eab57be2290fb48e3130533448c93c6c61239f2a2f3b85f1917f80ca0fdc75",
    "https://deno.land/x/deno_dom@v0.1.42/src/dom/selectors/sizzle-types.ts": "78149e2502409989ce861ed636b813b059e16bc267bb543e7c2b26ef43e4798b",
    "https://deno.land/x/deno_dom@v0.1.42/src/dom/selectors/sizzle.js": "c3aed60c1045a106d8e546ac2f85cc82e65f62d9af2f8f515210b9212286682a",
    "https://deno.land/x/deno_dom@v0.1.42/src/dom/utils-types.ts": "96db30e3e4a75b194201bb9fa30988215da7f91b380fca6a5143e51ece2a8436",
    "https://deno.land/x/deno_dom@v0.1.42/src/dom/utils.ts": "4c6206516fb8f61f37a209c829e812c4f5a183e46d082934dd14c91bde939263",
    "https://deno.land/x/deno_dom@v0.1.42/src/parser.ts": "e06b2300d693e6ae7564e53dfa5c9a9e97fdb8c044c39c52c8b93b5d60860be3",
    "https://deno.land/x/denops_core@v5.0.0/denops.ts": "ffc9c6dcf873d806ae6e426661dc86d6c27f3faabaf19eea336254ee57b554cc",
    "https://deno.land/x/denops_core@v5.0.0/mod.ts": "abc31bf739a30a8cf07d54a56b7c5d5efb8105bf9dd4d6dae4866649985bc035",
    "https://deno.land/x/denops_std@v5.0.1/autocmd/common.ts": "73ad29a363948871aba4cc2e5661bef5145e671b953d3f9815d4f56efc4c70a0",
    "https://deno.land/x/denops_std@v5.0.1/autocmd/group.ts": "d55d1657aa51517ddad9e3516570f6cdb5b86020f5b6796c22b0e23375e33d2f",
    "https://deno.land/x/denops_std@v5.0.1/autocmd/mod.ts": "a3fbf1c1b2bd5a7f95a3bc94e6df909b291376d657bc35272b52ad3e2728ec8a",
    "https://deno.land/x/denops_std@v5.0.1/autocmd/types.ts": "485f918030b3d28c86052dcf7822f6bbeaa95119db1f0d7632af54b1c087f53c",
    "https://deno.land/x/denops_std@v5.0.1/autocmd/utils.ts": "f0238f60cf80acb14c8aaa89b25454714f3f627b1f8c94ca8197e906ff753f3f",
    "https://deno.land/x/denops_std@v5.0.1/function/_generated.ts": "f9ec2bf72d98e6070afffedf4aa3e11decb6d611da2431859b0b4af3dcc10d3a",
    "https://deno.land/x/denops_std@v5.0.1/function/_manual.ts": "a26da7f6d5cae879eac8ebb925cf86943ef49644fe99878c69c6917697672ea7",
    "https://deno.land/x/denops_std@v5.0.1/function/buffer.ts": "b84bc924eadd1085a0bd68dd45ad794fd8eb7aad314a7697e3339dfc6cbaaed6",
    "https://deno.land/x/denops_std@v5.0.1/function/common.ts": "7511002d713c8c064d8e1d87f381f94292bf6963c0b866a51c510ad57af8f698",
    "https://deno.land/x/denops_std@v5.0.1/function/cursor.ts": "18bc8ed07666f6769c89ef9bcf8009719f16f0ad03b7a27c6bb18bc09362030e",
    "https://deno.land/x/denops_std@v5.0.1/function/getreginfo.ts": "e7681b194984183bbfcf4ae6c51cec74fcbb7e3de0a54a27cebbd56997801628",
    "https://deno.land/x/denops_std@v5.0.1/function/input.ts": "ff24065c05291bd5dce2a3a1b92291a97d3ef5b05e9d135a54b07d7c45b33374",
    "https://deno.land/x/denops_std@v5.0.1/function/mod.ts": "714b13733ab9a1a4cb77220dafe27ee5edabe00c000ab79f8ab030a5c8440788",
    "https://deno.land/x/denops_std@v5.0.1/function/types.ts": "22774385023f5fcee9fb514a96dffaa2b540df0f39d4bc57cde54363fa67ad27",
    "https://deno.land/x/denops_std@v5.0.1/function/various.ts": "442cfb107e1ff881b0772276feba59d60504f3776dd03d47b039acac2e07ed3d",
    "https://deno.land/x/denops_std@v5.0.1/helper/echo.ts": "9bacbbb69a87817554dacf716e95f6aeb058fdfff0a80e2dbba5d76706809df4",
    "https://deno.land/x/denops_std@v5.0.1/helper/execute.ts": "4534e956ab1e4e160358cef64627e0877071f219b72d447c9314ce5d505f4412",
    "https://deno.land/x/denops_std@v5.0.1/helper/input.ts": "7ce227ede0d68925644a4622d4d29388b12de1da0e116cb22374189e9d757321",
    "https://deno.land/x/denops_std@v5.0.1/helper/load.ts": "5664eebf706a4b14a401b7bbd430879c9758be543dd67aa9a4892e07ba55bd31",
    "https://deno.land/x/denops_std@v5.0.1/helper/mod.ts": "4f008bc1bfdb89129b493c49be1996c9aa7902ad0a862675a7884d4d6c255c8f",
    "https://deno.land/x/denops_std@v5.0.1/lambda/mod.ts": "72ed7e5109cd008403a63065025eba9a9bb184e5feda6517642f49478c2c6121",
    "https://deno.land/x/denops_std@v5.0.1/mod.ts": "57510a478ef0d2dfd83de4fac065a5bf6997945322bd625000fcf737630efebc",
    "https://deno.land/x/denops_std@v5.0.1/util.ts": "ded8c5790c4cb6082d27596ff0958291d795695ec6323113dec5c1985b5ebb46",
    "https://deno.land/x/outdent@v0.8.0/mod.ts": "72630e680dcc36d5ae556fbff6900b12706c81a6fd592345fc98bcc0878fb3ca",
    "https://deno.land/x/outdent@v0.8.0/src/index.ts": "6dc3df4108d5d6fedcdb974844d321037ca81eaaa16be6073235ff3268841a22",
    "https://deno.land/x/unknownutil@v3.0.0/is.ts": "e2c84f5043a7db7425388820a92c065da61378209ea38435fca4975f85610454",
    "https://deno.land/x/unknownutil@v3.0.0/mod.ts#^": "50f0bdb70664c65b2954d4b9bb0f95f9bb4c77c4469331fda2475a4ffbb51a15",
    "https://deno.land/x/unknownutil@v3.0.0/util.ts": "5d50435cb2ebfc8b1e49c571c5bcdcf9694e87f99aa51b670baf47f58e0e9248",
    "https://deno.land/x/unknownutil@v3.9.0/inspect.ts": "33e61bdfed94cd586d66600813b528fa93046a2802d8144277b92f0fa5e5f10e",
    "https://deno.land/x/unknownutil@v3.9.0/is.ts": "f7f29f2314fc5a906e02ea8843a4bf70cbf1f41b0cec8471edd2e9a5bd6e7baa",
    "https://deno.land/x/unknownutil@v3.9.0/mod.ts": "50f0bdb70664c65b2954d4b9bb0f95f9bb4c77c4469331fda2475a4ffbb51a15",
    "https://deno.land/x/unknownutil@v3.9.0/util.ts": "5c9b52ef699e569ccec9d4c33148545bf5328c6a5e2f6f56f651ce6bdd44eb1e"
  }
}
